
Microsoft Visual Studio Solution File, Format Version 12.00
# Visual Studio Version 16
VisualStudioVersion = 16.0.30503.244
MinimumVisualStudioVersion = 10.0.40219.1
Project("{FAE04EC0-301F-11D3-BF4B-00C04F79EFBC}") = "ClassMethodDemo", "ClassMethodDemo\ClassMethodDemo.csproj", "{EEAC921D-484C-45BE-B300-0EC75C1B2A16}"
EndProject
Global
	GlobalSection(SolutionConfigurationPlatforms) = preSolution
		Debug|Any CPU = Debug|Any CPU
		Release|Any CPU = Release|Any CPU
	EndGlobalSection
	GlobalSection(ProjectConfigurationPlatforms) = postSolution
		{EEAC921D-484C-45BE-B300-0EC75C1B2A16}.Debug|Any CPU.ActiveCfg = Debug|Any CPU
		{EEAC921D-484C-45BE-B300-0EC75C1B2A16}.Debug|Any CPU.Build.0 = Debug|Any CPU
		{EEAC921D-484C-45BE-B300-0EC75C1B2A16}.Release|Any CPU.ActiveCfg = Release|Any CPU
		{EEAC921D-484C-45BE-B300-0EC75C1B2A16}.Release|Any CPU.Build.0 = Release|Any CPU
	EndGlobalSection
	GlobalSection(SolutionProperties) = preSolution
		HideSolutionNode = FALSE
	EndGlobalSection
	GlobalSection(ExtensibilityGlobals) = postSolution
		SolutionGuid = {7FF25670-039B-4FA0-9041-94B31AD9FAEB}
	EndGlobalSection
EndGlobal
